{
  "version": 4,
  "terraform_version": "1.2.6",
  "serial": 39,
  "lineage": "f0945ea6-030d-942b-9414-72ae090c002f",
  "outputs": {},
  "resources": [
    {
      "mode": "data",
      "type": "aws_route53_zone",
      "name": "ecs-acm-cert",
      "provider": "provider[\"registry.terraform.io/hashicorp/aws\"]",
      "instances": [
        {
          "schema_version": 0,
          "attributes": {
            "arn": "arn:aws:route53:::hostedzone/Z0740513302KSS50FRDMJ",
            "caller_reference": "RISWorkflow-RD:014739e5-7c48-4fe0-8a82-92892002b1ed",
            "comment": "HostedZone created by Route53 Registrar",
            "id": "Z0740513302KSS50FRDMJ",
            "linked_service_description": null,
            "linked_service_principal": null,
            "name": "tripinky.com",
            "name_servers": [
              "ns-10.awsdns-01.com",
              "ns-1790.awsdns-31.co.uk",
              "ns-667.awsdns-19.net",
              "ns-1160.awsdns-17.org"
            ],
            "primary_name_server": "ns-10.awsdns-01.com",
            "private_zone": false,
            "resource_record_set_count": 2,
            "tags": {},
            "vpc_id": null,
            "zone_id": "Z0740513302KSS50FRDMJ"
          },
          "sensitive_attributes": []
        }
      ]
    },
    {
      "mode": "managed",
      "type": "aws_acm_certificate",
      "name": "ecs-acm-cert",
      "provider": "provider[\"registry.terraform.io/hashicorp/aws\"]",
      "instances": [
        {
          "schema_version": 0,
          "attributes": {
            "arn": "arn:aws:acm:eu-west-2:492367642859:certificate/7bb909c6-2c8c-488c-89bb-79d32265b15b",
            "certificate_authority_arn": "",
            "certificate_body": null,
            "certificate_chain": null,
            "domain_name": "tripinky.com",
            "domain_validation_options": [
              {
                "domain_name": "tripinky.com",
                "resource_record_name": "_378305fc50818570823b936b6f4ee666.tripinky.com.",
                "resource_record_type": "CNAME",
                "resource_record_value": "_29465e9113f57db2c699d88402f5207e.stwyzjdjkd.acm-validations.aws."
              }
            ],
            "early_renewal_duration": "",
            "id": "arn:aws:acm:eu-west-2:492367642859:certificate/7bb909c6-2c8c-488c-89bb-79d32265b15b",
            "key_algorithm": "RSA_2048",
            "not_after": "",
            "not_before": "",
            "options": [
              {
                "certificate_transparency_logging_preference": "ENABLED"
              }
            ],
            "pending_renewal": false,
            "private_key": null,
            "renewal_eligibility": "INELIGIBLE",
            "renewal_summary": [],
            "status": "PENDING_VALIDATION",
            "subject_alternative_names": [
              "tripinky.com"
            ],
            "tags": null,
            "tags_all": {},
            "type": "AMAZON_ISSUED",
            "validation_emails": [],
            "validation_method": "DNS",
            "validation_option": []
          },
          "sensitive_attributes": [],
          "private": "bnVsbA=="
        }
      ]
    },
    {
      "mode": "managed",
      "type": "aws_acm_certificate_validation",
      "name": "ecs-acm-cert",
      "provider": "provider[\"registry.terraform.io/hashicorp/aws\"]",
      "instances": [
        {
          "schema_version": 0,
          "attributes": {
            "certificate_arn": "arn:aws:acm:eu-west-2:492367642859:certificate/7bb909c6-2c8c-488c-89bb-79d32265b15b",
            "id": "2023-01-20 17:10:37.675 +0000 UTC",
            "timeouts": null,
            "validation_record_fqdns": [
              "_378305fc50818570823b936b6f4ee666.tripinky.com"
            ]
          },
          "sensitive_attributes": [],
          "private": "eyJlMmJmYjczMC1lY2FhLTExZTYtOGY4OC0zNDM2M2JjN2M0YzAiOnsiY3JlYXRlIjo0NTAwMDAwMDAwMDAwfX0=",
          "dependencies": [
            "aws_acm_certificate.ecs-acm-cert",
            "aws_route53_record.ecs-acm-cert",
            "data.aws_route53_zone.ecs-acm-cert"
          ]
        }
      ]
    },
    {
      "mode": "managed",
      "type": "aws_appautoscaling_policy",
      "name": "e-learning-autoscaling-policy",
      "provider": "provider[\"registry.terraform.io/hashicorp/aws\"]",
      "instances": [
        {
          "schema_version": 0,
          "attributes": {
            "alarm_arns": [
              "arn:aws:cloudwatch:eu-west-2:492367642859:alarm:TargetTracking-service/e-learning-cluster/e-learning-service-AlarmHigh-b562a3e2-6a9a-4881-867c-26ad2bd6d6f3",
              "arn:aws:cloudwatch:eu-west-2:492367642859:alarm:TargetTracking-service/e-learning-cluster/e-learning-service-AlarmLow-2f7c5cb2-53dd-4a37-b163-facf1756df26"
            ],
            "arn": "arn:aws:autoscaling:eu-west-2:492367642859:scalingPolicy:bd89de39-83ef-447c-9033-887e94743645:resource/ecs/service/e-learning-cluster/e-learning-service:policyName/e-learning-autoscaling-policy",
            "id": "e-learning-autoscaling-policy",
            "name": "e-learning-autoscaling-policy",
            "policy_type": "TargetTrackingScaling",
            "resource_id": "service/e-learning-cluster/e-learning-service",
            "scalable_dimension": "ecs:service:DesiredCount",
            "service_namespace": "ecs",
            "step_scaling_policy_configuration": [],
            "target_tracking_scaling_policy_configuration": [
              {
                "customized_metric_specification": [],
                "disable_scale_in": false,
                "predefined_metric_specification": [
                  {
                    "predefined_metric_type": "ECSServiceAverageCPUUtilization",
                    "resource_label": ""
                  }
                ],
                "scale_in_cooldown": 0,
                "scale_out_cooldown": 0,
                "target_value": 70
              }
            ]
          },
          "sensitive_attributes": [],
          "private": "bnVsbA==",
          "dependencies": [
            "aws_appautoscaling_target.e-learning-autoscale",
            "aws_ecs_cluster.e-learning-cluster",
            "aws_ecs_service.e-learning-service",
            "aws_ecs_task_definition.e-learning-task-definition",
            "aws_iam_role.ecs_task_execution_role",
            "aws_iam_role.ecs_task_role",
            "aws_lb_target_group.e-learning-alb-tg",
            "aws_security_group.e-learning-alb-sg",
            "aws_security_group.e-learning-ecs-sg",
            "aws_subnet.e-learning-priv-sub1",
            "aws_subnet.e-learning-priv-sub2",
            "aws_vpc.e-learning"
          ]
        }
      ]
    },
    {
      "mode": "managed",
      "type": "aws_appautoscaling_target",
      "name": "e-learning-autoscale",
      "provider": "provider[\"registry.terraform.io/hashicorp/aws\"]",
      "instances": [
        {
          "schema_version": 0,
          "attributes": {
            "id": "service/e-learning-cluster/e-learning-service",
            "max_capacity": 4,
            "min_capacity": 2,
            "resource_id": "service/e-learning-cluster/e-learning-service",
            "role_arn": "arn:aws:iam::492367642859:role/aws-service-role/ecs.application-autoscaling.amazonaws.com/AWSServiceRoleForApplicationAutoScaling_ECSService",
            "scalable_dimension": "ecs:service:DesiredCount",
            "service_namespace": "ecs"
          },
          "sensitive_attributes": [],
          "private": "bnVsbA==",
          "dependencies": [
            "aws_ecs_cluster.e-learning-cluster",
            "aws_ecs_service.e-learning-service",
            "aws_ecs_task_definition.e-learning-task-definition",
            "aws_iam_role.ecs_task_execution_role",
            "aws_iam_role.ecs_task_role",
            "aws_lb_target_group.e-learning-alb-tg",
            "aws_security_group.e-learning-alb-sg",
            "aws_security_group.e-learning-ecs-sg",
            "aws_subnet.e-learning-priv-sub1",
            "aws_subnet.e-learning-priv-sub2",
            "aws_vpc.e-learning"
          ]
        }
      ]
    },
    {
      "mode": "managed",
      "type": "aws_db_instance",
      "name": "e-learning-postgresql",
      "provider": "provider[\"registry.terraform.io/hashicorp/aws\"]",
      "instances": [
        {
          "schema_version": 1,
          "attributes": {
            "address": "mydb.c7c3jtbhoxzj.eu-west-2.rds.amazonaws.com",
            "allocated_storage": 20,
            "allow_major_version_upgrade": null,
            "apply_immediately": true,
            "arn": "arn:aws:rds:eu-west-2:492367642859:db:mydb",
            "auto_minor_version_upgrade": true,
            "availability_zone": "eu-west-2a",
            "backup_retention_period": 0,
            "backup_window": "23:19-23:49",
            "blue_green_update": [],
            "ca_cert_identifier": "rds-ca-2019",
            "character_set_name": "",
            "copy_tags_to_snapshot": false,
            "custom_iam_instance_profile": "",
            "customer_owned_ip_enabled": false,
            "db_name": "elearningpostgresql",
            "db_subnet_group_name": "db-subnet-group",
            "delete_automated_backups": true,
            "deletion_protection": false,
            "domain": "",
            "domain_iam_role_name": "",
            "enabled_cloudwatch_logs_exports": null,
            "endpoint": "mydb.c7c3jtbhoxzj.eu-west-2.rds.amazonaws.com:5432",
            "engine": "postgres",
            "engine_version": "13.7",
            "engine_version_actual": "13.7",
            "final_snapshot_identifier": null,
            "hosted_zone_id": "Z1TTGA775OQIYO",
            "iam_database_authentication_enabled": false,
            "id": "mydb",
            "identifier": "mydb",
            "identifier_prefix": "",
            "instance_class": "db.t3.micro",
            "iops": 0,
            "kms_key_id": "",
            "latest_restorable_time": "",
            "license_model": "postgresql-license",
            "maintenance_window": "tue:04:24-tue:04:54",
            "max_allocated_storage": 0,
            "monitoring_interval": 0,
            "monitoring_role_arn": "",
            "multi_az": false,
            "name": "elearningpostgresql",
            "nchar_character_set_name": "",
            "network_type": "IPV4",
            "option_group_name": "default:postgres-13",
            "parameter_group_name": "default.postgres13",
            "password": "4Getmen0t",
            "performance_insights_enabled": false,
            "performance_insights_kms_key_id": "",
            "performance_insights_retention_period": 0,
            "port": 5432,
            "publicly_accessible": false,
            "replica_mode": "",
            "replicas": [],
            "replicate_source_db": "",
            "resource_id": "db-G75CUZ33BDKU3YXA6WMQMRKG2Y",
            "restore_to_point_in_time": [],
            "s3_import": [],
            "security_group_names": null,
            "skip_final_snapshot": true,
            "snapshot_identifier": null,
            "status": "available",
            "storage_encrypted": false,
            "storage_throughput": 0,
            "storage_type": "gp2",
            "tags": null,
            "tags_all": {},
            "timeouts": null,
            "timezone": "",
            "username": "wilon",
            "vpc_security_group_ids": [
              "sg-06ed99cb2bd2735e5"
            ]
          },
          "sensitive_attributes": [
            [
              {
                "type": "get_attr",
                "value": "username"
              }
            ],
            [
              {
                "type": "get_attr",
                "value": "password"
              }
            ]
          ],
          "private": "eyJlMmJmYjczMC1lY2FhLTExZTYtOGY4OC0zNDM2M2JjN2M0YzAiOnsiY3JlYXRlIjoyNDAwMDAwMDAwMDAwLCJkZWxldGUiOjM2MDAwMDAwMDAwMDAsInVwZGF0ZSI6NDgwMDAwMDAwMDAwMH0sInNjaGVtYV92ZXJzaW9uIjoiMSJ9",
          "dependencies": [
            "aws_db_subnet_group.db-subnet-group",
            "aws_security_group.e-learning-alb-sg",
            "aws_security_group.e-learning-ecs-sg",
            "aws_security_group.postgresql-rds-sg",
            "aws_subnet.e-learning-priv-sub1",
            "aws_subnet.e-learning-priv-sub2",
            "aws_vpc.e-learning"
          ]
        }
      ]
    },
    {
      "mode": "managed",
      "type": "aws_db_subnet_group",
      "name": "db-subnet-group",
      "provider": "provider[\"registry.terraform.io/hashicorp/aws\"]",
      "instances": [
        {
          "schema_version": 0,
          "attributes": {
            "arn": "arn:aws:rds:eu-west-2:492367642859:subgrp:db-subnet-group",
            "description": "Managed by Terraform",
            "id": "db-subnet-group",
            "name": "db-subnet-group",
            "name_prefix": "",
            "subnet_ids": [
              "subnet-036921140625d4642",
              "subnet-057c1802923fb6984"
            ],
            "supported_network_types": [
              "IPV4"
            ],
            "tags": {
              "Name": "db-subnet-group-test"
            },
            "tags_all": {
              "Name": "db-subnet-group-test"
            }
          },
          "sensitive_attributes": [],
          "private": "bnVsbA==",
          "dependencies": [
            "aws_subnet.e-learning-priv-sub1",
            "aws_subnet.e-learning-priv-sub2",
            "aws_vpc.e-learning"
          ]
        }
      ]
    },
    {
      "mode": "managed",
      "type": "aws_ecs_cluster",
      "name": "e-learning-cluster",
      "provider": "provider[\"registry.terraform.io/hashicorp/aws\"]",
      "instances": [
        {
          "schema_version": 0,
          "attributes": {
            "arn": "arn:aws:ecs:eu-west-2:492367642859:cluster/e-learning-cluster",
            "capacity_providers": [],
            "configuration": [],
            "default_capacity_provider_strategy": [],
            "id": "arn:aws:ecs:eu-west-2:492367642859:cluster/e-learning-cluster",
            "name": "e-learning-cluster",
            "service_connect_defaults": [],
            "setting": [
              {
                "name": "containerInsights",
                "value": "disabled"
              }
            ],
            "tags": null,
            "tags_all": {}
          },
          "sensitive_attributes": [],
          "private": "bnVsbA=="
        }
      ]
    },
    {
      "mode": "managed",
      "type": "aws_ecs_service",
      "name": "e-learning-service",
      "provider": "provider[\"registry.terraform.io/hashicorp/aws\"]",
      "instances": [
        {
          "schema_version": 0,
          "attributes": {
            "capacity_provider_strategy": [],
            "cluster": "arn:aws:ecs:eu-west-2:492367642859:cluster/e-learning-cluster",
            "deployment_circuit_breaker": [
              {
                "enable": false,
                "rollback": false
              }
            ],
            "deployment_controller": [
              {
                "type": "ECS"
              }
            ],
            "deployment_maximum_percent": 200,
            "deployment_minimum_healthy_percent": 100,
            "desired_count": 2,
            "enable_ecs_managed_tags": false,
            "enable_execute_command": false,
            "force_new_deployment": null,
            "health_check_grace_period_seconds": 0,
            "iam_role": "aws-service-role",
            "id": "arn:aws:ecs:eu-west-2:492367642859:service/e-learning-cluster/e-learning-service",
            "launch_type": "FARGATE",
            "load_balancer": [
              {
                "container_name": "nginxelearning",
                "container_port": 80,
                "elb_name": "",
                "target_group_arn": "arn:aws:elasticloadbalancing:eu-west-2:492367642859:targetgroup/e-learning-alb-tg/e60c36a6ba57ffd9"
              }
            ],
            "name": "e-learning-service",
            "network_configuration": [
              {
                "assign_public_ip": false,
                "security_groups": [
                  "sg-0d075d24557943eee"
                ],
                "subnets": [
                  "subnet-036921140625d4642",
                  "subnet-057c1802923fb6984"
                ]
              }
            ],
            "ordered_placement_strategy": [],
            "placement_constraints": [],
            "platform_version": "LATEST",
            "propagate_tags": "NONE",
            "scheduling_strategy": "REPLICA",
            "service_connect_configuration": [],
            "service_registries": [],
            "tags": null,
            "tags_all": {},
            "task_definition": "arn:aws:ecs:eu-west-2:492367642859:task-definition/e-learning-task-definition:30",
            "timeouts": null,
            "triggers": {},
            "wait_for_steady_state": false
          },
          "sensitive_attributes": [],
          "private": "eyJlMmJmYjczMC1lY2FhLTExZTYtOGY4OC0zNDM2M2JjN2M0YzAiOnsiY3JlYXRlIjoxMjAwMDAwMDAwMDAwLCJkZWxldGUiOjEyMDAwMDAwMDAwMDAsInVwZGF0ZSI6MTIwMDAwMDAwMDAwMH19",
          "dependencies": [
            "aws_ecs_cluster.e-learning-cluster",
            "aws_ecs_task_definition.e-learning-task-definition",
            "aws_iam_role.ecs_task_execution_role",
            "aws_iam_role.ecs_task_role",
            "aws_lb_target_group.e-learning-alb-tg",
            "aws_security_group.e-learning-alb-sg",
            "aws_security_group.e-learning-ecs-sg",
            "aws_subnet.e-learning-priv-sub1",
            "aws_subnet.e-learning-priv-sub2",
            "aws_vpc.e-learning"
          ]
        }
      ]
    },
    {
      "mode": "managed",
      "type": "aws_ecs_task_definition",
      "name": "e-learning-task-definition",
      "provider": "provider[\"registry.terraform.io/hashicorp/aws\"]",
      "instances": [
        {
          "schema_version": 1,
          "attributes": {
            "arn": "arn:aws:ecs:eu-west-2:492367642859:task-definition/e-learning-task-definition:30",
            "container_definitions": "[{\"cpu\":1024,\"environment\":[],\"essential\":true,\"image\":\"492367642859.dkr.ecr.eu-west-2.amazonaws.com/finalrepo:latest\",\"memory\":2048,\"mountPoints\":[],\"name\":\"nginxelearning\",\"portMappings\":[{\"appProtocol\":\"http\",\"containerPort\":80,\"hostPort\":80,\"name\":\"nginxelearning-80-tcp\",\"protocol\":\"tcp\"}],\"volumesFrom\":[]}]",
            "cpu": "1024",
            "ephemeral_storage": [],
            "execution_role_arn": "arn:aws:iam::492367642859:role/task_execution_role",
            "family": "e-learning-task-definition",
            "id": "e-learning-task-definition",
            "inference_accelerator": [],
            "ipc_mode": "",
            "memory": "2048",
            "network_mode": "awsvpc",
            "pid_mode": "",
            "placement_constraints": [],
            "proxy_configuration": [],
            "requires_compatibilities": [
              "FARGATE"
            ],
            "revision": 30,
            "runtime_platform": [
              {
                "cpu_architecture": "X86_64",
                "operating_system_family": "LINUX"
              }
            ],
            "skip_destroy": false,
            "tags": null,
            "tags_all": {},
            "task_role_arn": "arn:aws:iam::492367642859:role/task_role",
            "volume": []
          },
          "sensitive_attributes": [],
          "private": "eyJzY2hlbWFfdmVyc2lvbiI6IjEifQ==",
          "dependencies": [
            "aws_iam_role.ecs_task_execution_role",
            "aws_iam_role.ecs_task_role"
          ]
        }
      ]
    },
    {
      "mode": "managed",
      "type": "aws_eip",
      "name": "e-learning-eip",
      "provider": "provider[\"registry.terraform.io/hashicorp/aws\"]",
      "instances": [
        {
          "schema_version": 0,
          "attributes": {
            "address": null,
            "allocation_id": "eipalloc-008a809010f7d81b9",
            "associate_with_private_ip": null,
            "association_id": "",
            "carrier_ip": "",
            "customer_owned_ip": "",
            "customer_owned_ipv4_pool": "",
            "domain": "vpc",
            "id": "eipalloc-008a809010f7d81b9",
            "instance": "",
            "network_border_group": "eu-west-2",
            "network_interface": "",
            "private_dns": null,
            "private_ip": "",
            "public_dns": "ec2-52-56-125-83.eu-west-2.compute.amazonaws.com",
            "public_ip": "52.56.125.83",
            "public_ipv4_pool": "amazon",
            "tags": null,
            "tags_all": {},
            "timeouts": null,
            "vpc": true
          },
          "sensitive_attributes": [],
          "private": "eyJlMmJmYjczMC1lY2FhLTExZTYtOGY4OC0zNDM2M2JjN2M0YzAiOnsiZGVsZXRlIjoxODAwMDAwMDAwMDAsInJlYWQiOjkwMDAwMDAwMDAwMCwidXBkYXRlIjozMDAwMDAwMDAwMDB9fQ=="
        }
      ]
    },
    {
      "mode": "managed",
      "type": "aws_iam_policy",
      "name": "ecs_task_policy",
      "provider": "provider[\"registry.terraform.io/hashicorp/aws\"]",
      "instances": [
        {
          "schema_version": 0,
          "attributes": {
            "arn": "arn:aws:iam::492367642859:policy/ecs_task_policy",
            "description": "allows containers in the task to make API requests to AWS services",
            "id": "arn:aws:iam::492367642859:policy/ecs_task_policy",
            "name": "ecs_task_policy",
            "name_prefix": null,
            "path": "/",
            "policy": "{\"Statement\":[{\"Action\":[\"ec2:AttachNetworkInterface\",\"ec2:CreateNetworkInterface\",\"ec2:CreateNetworkInterfacePermission\",\"ec2:DeleteNetworkInterface\",\"ec2:DeleteNetworkInterfacePermission\",\"ec2:Describe*\",\"ec2:DetachNetworkInterface\",\"elasticloadbalancing:DeregisterInstancesFromLoadBalancer\",\"elasticloadbalancing:DeregisterTargets\",\"elasticloadbalancing:Describe*\",\"elasticloadbalancing:RegisterInstancesWithLoadBalancer\",\"elasticloadbalancing:RegisterTargets\",\"route53:ChangeResourceRecordSets\",\"route53:CreateHealthCheck\",\"route53:DeleteHealthCheck\",\"route53:Get*\",\"route53:List*\",\"route53:UpdateHealthCheck\",\"servicediscovery:DeregisterInstance\",\"servicediscovery:Get*\",\"servicediscovery:List*\",\"servicediscovery:RegisterInstance\",\"servicediscovery:UpdateInstanceCustomHealthStatus\"],\"Effect\":\"Allow\",\"Resource\":\"*\",\"Sid\":\"ECSTaskManagement\"},{\"Action\":[\"autoscaling:Describe*\"],\"Effect\":\"Allow\",\"Resource\":\"*\",\"Sid\":\"AutoScaling\"},{\"Action\":[\"autoscaling:DeletePolicy\",\"autoscaling:PutScalingPolicy\",\"autoscaling:SetInstanceProtection\",\"autoscaling:UpdateAutoScalingGroup\"],\"Condition\":{\"Null\":{\"autoscaling:ResourceTag/AmazonECSManaged\":\"false\"}},\"Effect\":\"Allow\",\"Resource\":\"*\",\"Sid\":\"AutoScalingManagement\"},{\"Action\":[\"autoscaling-plans:CreateScalingPlan\",\"autoscaling-plans:DeleteScalingPlan\",\"autoscaling-plans:DescribeScalingPlans\"],\"Effect\":\"Allow\",\"Resource\":\"*\",\"Sid\":\"AutoScalingPlanManagement\"},{\"Action\":[\"cloudwatch:DeleteAlarms\",\"cloudwatch:DescribeAlarms\",\"cloudwatch:PutMetricAlarm\"],\"Effect\":\"Allow\",\"Resource\":\"arn:aws:cloudwatch:*:*:alarm:*\",\"Sid\":\"CWAlarmManagement\"},{\"Action\":[\"ec2:CreateTags\"],\"Effect\":\"Allow\",\"Resource\":\"arn:aws:ec2:*:*:network-interface/*\",\"Sid\":\"ECSTagging\"},{\"Action\":[\"logs:CreateLogGroup\",\"logs:DescribeLogGroups\",\"logs:PutRetentionPolicy\"],\"Effect\":\"Allow\",\"Resource\":\"arn:aws:logs:*:*:log-group:/aws/ecs/*\",\"Sid\":\"CWLogGroupManagement\"},{\"Action\":[\"logs:CreateLogStream\",\"logs:DescribeLogStreams\",\"logs:PutLogEvents\"],\"Effect\":\"Allow\",\"Resource\":\"arn:aws:logs:*:*:log-group:/aws/ecs/*:log-stream:*\",\"Sid\":\"CWLogStreamManagement\"},{\"Action\":[\"ssm:DescribeSessions\"],\"Effect\":\"Allow\",\"Resource\":\"*\",\"Sid\":\"ExecuteCommandSessionManagement\"},{\"Action\":[\"ssm:StartSession\"],\"Effect\":\"Allow\",\"Resource\":[\"arn:aws:ecs:*:*:task/*\",\"arn:aws:ssm:*:*:document/AmazonECS-ExecuteInteractiveCommand\"],\"Sid\":\"ExecuteCommand\"},{\"Action\":[\"servicediscovery:CreateHttpNamespace\",\"servicediscovery:CreateService\"],\"Condition\":{\"ForAllValues:StringEquals\":{\"aws:TagKeys\":[\"AmazonECSManaged\"]}},\"Effect\":\"Allow\",\"Resource\":\"*\",\"Sid\":\"CloudMapResourceCreation\"},{\"Action\":\"servicediscovery:TagResource\",\"Condition\":{\"StringLike\":{\"aws:RequestTag/AmazonECSManaged\":\"*\"}},\"Effect\":\"Allow\",\"Resource\":\"*\",\"Sid\":\"CloudMapResourceTagging\"},{\"Action\":[\"servicediscovery:DeleteService\"],\"Condition\":{\"Null\":{\"aws:ResourceTag/AmazonECSManaged\":\"false\"}},\"Effect\":\"Allow\",\"Resource\":\"*\",\"Sid\":\"CloudMapResourceDeletion\"},{\"Action\":[\"servicediscovery:DiscoverInstances\"],\"Effect\":\"Allow\",\"Resource\":\"*\",\"Sid\":\"CloudMapResourceDiscovery\"}],\"Version\":\"2012-10-17\"}",
            "policy_id": "ANPAXFI3GADVVTYGNYY6K",
            "tags": null,
            "tags_all": {}
          },
          "sensitive_attributes": [],
          "private": "bnVsbA=="
        }
      ]
    },
    {
      "mode": "managed",
      "type": "aws_iam_policy_attachment",
      "name": "ecs-task-role-policy-attachment",
      "provider": "provider[\"registry.terraform.io/hashicorp/aws\"]",
      "instances": [
        {
          "schema_version": 0,
          "attributes": {
            "groups": null,
            "id": "policy-attachment",
            "name": "policy-attachment",
            "policy_arn": "arn:aws:iam::492367642859:policy/ecs_task_policy",
            "roles": [
              "task_role"
            ],
            "users": null
          },
          "sensitive_attributes": [],
          "private": "bnVsbA==",
          "dependencies": [
            "aws_iam_policy.ecs_task_policy",
            "aws_iam_role.ecs_task_role"
          ]
        }
      ]
    },
    {
      "mode": "managed",
      "type": "aws_iam_role",
      "name": "ecs_task_execution_role",
      "provider": "provider[\"registry.terraform.io/hashicorp/aws\"]",
      "instances": [
        {
          "schema_version": 0,
          "attributes": {
            "arn": "arn:aws:iam::492367642859:role/task_execution_role",
            "assume_role_policy": "{\"Statement\":[{\"Action\":\"sts:AssumeRole\",\"Effect\":\"Allow\",\"Principal\":{\"Service\":\"ecs-tasks.amazonaws.com\"},\"Sid\":\"\"}],\"Version\":\"2012-10-17\"}",
            "create_date": "2023-01-20T17:10:18Z",
            "description": "",
            "force_detach_policies": false,
            "id": "task_execution_role",
            "inline_policy": [],
            "managed_policy_arns": [],
            "max_session_duration": 3600,
            "name": "task_execution_role",
            "name_prefix": "",
            "path": "/",
            "permissions_boundary": null,
            "tags": {
              "tag-key": "tag-value"
            },
            "tags_all": {
              "tag-key": "tag-value"
            },
            "unique_id": "AROAXFI3GADVZ7UGMSSCK"
          },
          "sensitive_attributes": [],
          "private": "bnVsbA=="
        }
      ]
    },
    {
      "mode": "managed",
      "type": "aws_iam_role",
      "name": "ecs_task_role",
      "provider": "provider[\"registry.terraform.io/hashicorp/aws\"]",
      "instances": [
        {
          "schema_version": 0,
          "attributes": {
            "arn": "arn:aws:iam::492367642859:role/task_role",
            "assume_role_policy": "{\"Statement\":[{\"Action\":\"sts:AssumeRole\",\"Effect\":\"Allow\",\"Principal\":{\"Service\":\"ecs-tasks.amazonaws.com\"},\"Sid\":\"\"}],\"Version\":\"2012-10-17\"}",
            "create_date": "2023-01-20T17:10:18Z",
            "description": "",
            "force_detach_policies": false,
            "id": "task_role",
            "inline_policy": [],
            "managed_policy_arns": [],
            "max_session_duration": 3600,
            "name": "task_role",
            "name_prefix": "",
            "path": "/",
            "permissions_boundary": null,
            "tags": {
              "tag-key": "tag-value"
            },
            "tags_all": {
              "tag-key": "tag-value"
            },
            "unique_id": "AROAXFI3GADV5GVGSRTX6"
          },
          "sensitive_attributes": [],
          "private": "bnVsbA=="
        }
      ]
    },
    {
      "mode": "managed",
      "type": "aws_iam_role_policy_attachment",
      "name": "ecs-task-execution-role-policy-attachment",
      "provider": "provider[\"registry.terraform.io/hashicorp/aws\"]",
      "instances": [
        {
          "schema_version": 0,
          "attributes": {
            "id": "task_execution_role-20230120171021191900000003",
            "policy_arn": "arn:aws:iam::aws:policy/service-role/AmazonECSTaskExecutionRolePolicy",
            "role": "task_execution_role"
          },
          "sensitive_attributes": [],
          "private": "bnVsbA==",
          "dependencies": [
            "aws_iam_role.ecs_task_execution_role"
          ]
        }
      ]
    },
    {
      "mode": "managed",
      "type": "aws_internet_gateway",
      "name": "e-learning-igw",
      "provider": "provider[\"registry.terraform.io/hashicorp/aws\"]",
      "instances": [
        {
          "schema_version": 0,
          "attributes": {
            "arn": "arn:aws:ec2:eu-west-2:492367642859:internet-gateway/igw-001354d63531c898f",
            "id": "igw-001354d63531c898f",
            "owner_id": "492367642859",
            "tags": {
              "Name": "e-learning-igw-test"
            },
            "tags_all": {
              "Name": "e-learning-igw-test"
            },
            "timeouts": null,
            "vpc_id": "vpc-03c7316a7500888f7"
          },
          "sensitive_attributes": [],
          "private": "eyJlMmJmYjczMC1lY2FhLTExZTYtOGY4OC0zNDM2M2JjN2M0YzAiOnsiY3JlYXRlIjoxMjAwMDAwMDAwMDAwLCJkZWxldGUiOjEyMDAwMDAwMDAwMDAsInVwZGF0ZSI6MTIwMDAwMDAwMDAwMH19",
          "dependencies": [
            "aws_vpc.e-learning"
          ]
        }
      ]
    },
    {
      "mode": "managed",
      "type": "aws_lb",
      "name": "e-learning-alb",
      "provider": "provider[\"registry.terraform.io/hashicorp/aws\"]",
      "instances": [
        {
          "schema_version": 0,
          "attributes": {
            "access_logs": [
              {
                "bucket": "",
                "enabled": false,
                "prefix": ""
              }
            ],
            "arn": "arn:aws:elasticloadbalancing:eu-west-2:492367642859:loadbalancer/app/e-learning-alb/6ed54c38e8a778fe",
            "arn_suffix": "app/e-learning-alb/6ed54c38e8a778fe",
            "customer_owned_ipv4_pool": "",
            "desync_mitigation_mode": "defensive",
            "dns_name": "e-learning-alb-776435294.eu-west-2.elb.amazonaws.com",
            "drop_invalid_header_fields": false,
            "enable_cross_zone_load_balancing": true,
            "enable_deletion_protection": false,
            "enable_http2": true,
            "enable_waf_fail_open": false,
            "id": "arn:aws:elasticloadbalancing:eu-west-2:492367642859:loadbalancer/app/e-learning-alb/6ed54c38e8a778fe",
            "idle_timeout": 60,
            "internal": false,
            "ip_address_type": "ipv4",
            "load_balancer_type": "application",
            "name": "e-learning-alb",
            "name_prefix": null,
            "preserve_host_header": false,
            "security_groups": [
              "sg-0b8a2e22ffa3e86c7"
            ],
            "subnet_mapping": [
              {
                "allocation_id": "",
                "ipv6_address": "",
                "outpost_id": "",
                "private_ipv4_address": "",
                "subnet_id": "subnet-0062bec16e9ea1242"
              },
              {
                "allocation_id": "",
                "ipv6_address": "",
                "outpost_id": "",
                "private_ipv4_address": "",
                "subnet_id": "subnet-05b87f160e3ce2551"
              }
            ],
            "subnets": [
              "subnet-0062bec16e9ea1242",
              "subnet-05b87f160e3ce2551"
            ],
            "tags": {
              "Environment": "production"
            },
            "tags_all": {
              "Environment": "production"
            },
            "timeouts": null,
            "vpc_id": "vpc-03c7316a7500888f7",
            "zone_id": "ZHURV8PSTC4K8"
          },
          "sensitive_attributes": [],
          "private": "eyJlMmJmYjczMC1lY2FhLTExZTYtOGY4OC0zNDM2M2JjN2M0YzAiOnsiY3JlYXRlIjo2MDAwMDAwMDAwMDAsImRlbGV0ZSI6NjAwMDAwMDAwMDAwLCJ1cGRhdGUiOjYwMDAwMDAwMDAwMH19",
          "dependencies": [
            "aws_security_group.e-learning-alb-sg",
            "aws_subnet.e-learning-pub-sub1",
            "aws_subnet.e-learning-pub-sub2",
            "aws_vpc.e-learning"
          ]
        }
      ]
    },
    {
      "mode": "managed",
      "type": "aws_lb_listener",
      "name": "e-learning-alb-http-listener",
      "provider": "provider[\"registry.terraform.io/hashicorp/aws\"]",
      "instances": [
        {
          "schema_version": 0,
          "attributes": {
            "alpn_policy": null,
            "arn": "arn:aws:elasticloadbalancing:eu-west-2:492367642859:listener/app/e-learning-alb/6ed54c38e8a778fe/07ff35b2fbf25788",
            "certificate_arn": null,
            "default_action": [
              {
                "authenticate_cognito": [],
                "authenticate_oidc": [],
                "fixed_response": [],
                "forward": [],
                "order": 1,
                "redirect": [
                  {
                    "host": "#{host}",
                    "path": "/#{path}",
                    "port": "443",
                    "protocol": "HTTPS",
                    "query": "#{query}",
                    "status_code": "HTTP_301"
                  }
                ],
                "target_group_arn": "",
                "type": "redirect"
              }
            ],
            "id": "arn:aws:elasticloadbalancing:eu-west-2:492367642859:listener/app/e-learning-alb/6ed54c38e8a778fe/07ff35b2fbf25788",
            "load_balancer_arn": "arn:aws:elasticloadbalancing:eu-west-2:492367642859:loadbalancer/app/e-learning-alb/6ed54c38e8a778fe",
            "port": 80,
            "protocol": "HTTP",
            "ssl_policy": "",
            "tags": null,
            "tags_all": {},
            "timeouts": null
          },
          "sensitive_attributes": [],
          "private": "eyJlMmJmYjczMC1lY2FhLTExZTYtOGY4OC0zNDM2M2JjN2M0YzAiOnsicmVhZCI6NjAwMDAwMDAwMDAwfX0=",
          "dependencies": [
            "aws_lb.e-learning-alb",
            "aws_security_group.e-learning-alb-sg",
            "aws_subnet.e-learning-pub-sub1",
            "aws_subnet.e-learning-pub-sub2",
            "aws_vpc.e-learning"
          ]
        }
      ]
    },
    {
      "mode": "managed",
      "type": "aws_lb_listener",
      "name": "e-learning-alb-https-listener",
      "provider": "provider[\"registry.terraform.io/hashicorp/aws\"]",
      "instances": [
        {
          "schema_version": 0,
          "attributes": {
            "alpn_policy": null,
            "arn": "arn:aws:elasticloadbalancing:eu-west-2:492367642859:listener/app/e-learning-alb/6ed54c38e8a778fe/b55def63fe0fb945",
            "certificate_arn": "arn:aws:acm:eu-west-2:492367642859:certificate/7bb909c6-2c8c-488c-89bb-79d32265b15b",
            "default_action": [
              {
                "authenticate_cognito": [],
                "authenticate_oidc": [],
                "fixed_response": [],
                "forward": [],
                "order": 1,
                "redirect": [],
                "target_group_arn": "arn:aws:elasticloadbalancing:eu-west-2:492367642859:targetgroup/e-learning-alb-tg/e60c36a6ba57ffd9",
                "type": "forward"
              }
            ],
            "id": "arn:aws:elasticloadbalancing:eu-west-2:492367642859:listener/app/e-learning-alb/6ed54c38e8a778fe/b55def63fe0fb945",
            "load_balancer_arn": "arn:aws:elasticloadbalancing:eu-west-2:492367642859:loadbalancer/app/e-learning-alb/6ed54c38e8a778fe",
            "port": 443,
            "protocol": "HTTPS",
            "ssl_policy": "ELBSecurityPolicy-2016-08",
            "tags": null,
            "tags_all": {},
            "timeouts": null
          },
          "sensitive_attributes": [],
          "private": "eyJlMmJmYjczMC1lY2FhLTExZTYtOGY4OC0zNDM2M2JjN2M0YzAiOnsicmVhZCI6NjAwMDAwMDAwMDAwfX0=",
          "dependencies": [
            "aws_acm_certificate.ecs-acm-cert",
            "aws_lb.e-learning-alb",
            "aws_lb_target_group.e-learning-alb-tg",
            "aws_security_group.e-learning-alb-sg",
            "aws_subnet.e-learning-pub-sub1",
            "aws_subnet.e-learning-pub-sub2",
            "aws_vpc.e-learning"
          ]
        }
      ]
    },
    {
      "mode": "managed",
      "type": "aws_lb_target_group",
      "name": "e-learning-alb-tg",
      "provider": "provider[\"registry.terraform.io/hashicorp/aws\"]",
      "instances": [
        {
          "schema_version": 0,
          "attributes": {
            "arn": "arn:aws:elasticloadbalancing:eu-west-2:492367642859:targetgroup/e-learning-alb-tg/e60c36a6ba57ffd9",
            "arn_suffix": "targetgroup/e-learning-alb-tg/e60c36a6ba57ffd9",
            "connection_termination": false,
            "deregistration_delay": "300",
            "health_check": [
              {
                "enabled": true,
                "healthy_threshold": 5,
                "interval": 30,
                "matcher": "200",
                "path": "/",
                "port": "80",
                "protocol": "HTTP",
                "timeout": 6,
                "unhealthy_threshold": 2
              }
            ],
            "id": "arn:aws:elasticloadbalancing:eu-west-2:492367642859:targetgroup/e-learning-alb-tg/e60c36a6ba57ffd9",
            "ip_address_type": "ipv4",
            "lambda_multi_value_headers_enabled": false,
            "load_balancing_algorithm_type": "round_robin",
            "name": "e-learning-alb-tg",
            "name_prefix": null,
            "port": 80,
            "preserve_client_ip": null,
            "protocol": "HTTP",
            "protocol_version": "HTTP1",
            "proxy_protocol_v2": false,
            "slow_start": 0,
            "stickiness": [
              {
                "cookie_duration": 86400,
                "cookie_name": "",
                "enabled": false,
                "type": "lb_cookie"
              }
            ],
            "tags": null,
            "tags_all": {},
            "target_failover": [
              {
                "on_deregistration": null,
                "on_unhealthy": null
              }
            ],
            "target_type": "ip",
            "vpc_id": "vpc-03c7316a7500888f7"
          },
          "sensitive_attributes": [],
          "private": "bnVsbA==",
          "dependencies": [
            "aws_vpc.e-learning"
          ]
        }
      ]
    },
    {
      "mode": "managed",
      "type": "aws_nat_gateway",
      "name": "e-learning-ngw",
      "provider": "provider[\"registry.terraform.io/hashicorp/aws\"]",
      "instances": [
        {
          "schema_version": 0,
          "attributes": {
            "allocation_id": "eipalloc-008a809010f7d81b9",
            "connectivity_type": "public",
            "id": "nat-08524f09352b3ed94",
            "network_interface_id": "eni-06fc2e549de9cdceb",
            "private_ip": "10.0.18.225",
            "public_ip": "52.56.125.83",
            "subnet_id": "subnet-0062bec16e9ea1242",
            "tags": {
              "Name": "gw NAT-test"
            },
            "tags_all": {
              "Name": "gw NAT-test"
            }
          },
          "sensitive_attributes": [],
          "private": "bnVsbA==",
          "dependencies": [
            "aws_eip.e-learning-eip",
            "aws_internet_gateway.e-learning-igw",
            "aws_subnet.e-learning-pub-sub1",
            "aws_vpc.e-learning"
          ]
        }
      ]
    },
    {
      "mode": "managed",
      "type": "aws_route53_health_check",
      "name": "tripinky",
      "provider": "provider[\"registry.terraform.io/hashicorp/aws\"]",
      "instances": [
        {
          "schema_version": 0,
          "attributes": {
            "arn": "arn:aws:route53:::healthcheck/e1dc266c-6503-4e05-be32-4007eee62927",
            "child_health_threshold": 0,
            "child_healthchecks": null,
            "cloudwatch_alarm_name": null,
            "cloudwatch_alarm_region": null,
            "disabled": false,
            "enable_sni": true,
            "failure_threshold": 5,
            "fqdn": "tripinky.com",
            "id": "e1dc266c-6503-4e05-be32-4007eee62927",
            "insufficient_data_health_status": "",
            "invert_healthcheck": false,
            "ip_address": "",
            "measure_latency": false,
            "port": 443,
            "reference_name": null,
            "regions": null,
            "request_interval": 30,
            "resource_path": "/",
            "routing_control_arn": "",
            "search_string": "tripinky",
            "tags": null,
            "tags_all": {},
            "type": "HTTPS_STR_MATCH"
          },
          "sensitive_attributes": [],
          "private": "bnVsbA=="
        }
      ]
    },
    {
      "mode": "managed",
      "type": "aws_route53_record",
      "name": "ecs-acm-cert",
      "provider": "provider[\"registry.terraform.io/hashicorp/aws\"]",
      "instances": [
        {
          "index_key": "tripinky.com",
          "schema_version": 2,
          "attributes": {
            "alias": [],
            "allow_overwrite": true,
            "failover_routing_policy": [],
            "fqdn": "_378305fc50818570823b936b6f4ee666.tripinky.com",
            "geolocation_routing_policy": [],
            "health_check_id": null,
            "id": "Z0740513302KSS50FRDMJ__378305fc50818570823b936b6f4ee666.tripinky.com._CNAME",
            "latency_routing_policy": [],
            "multivalue_answer_routing_policy": null,
            "name": "_378305fc50818570823b936b6f4ee666.tripinky.com",
            "records": [
              "_29465e9113f57db2c699d88402f5207e.stwyzjdjkd.acm-validations.aws."
            ],
            "set_identifier": null,
            "ttl": 60,
            "type": "CNAME",
            "weighted_routing_policy": [],
            "zone_id": "Z0740513302KSS50FRDMJ"
          },
          "sensitive_attributes": [],
          "private": "eyJzY2hlbWFfdmVyc2lvbiI6IjIifQ==",
          "dependencies": [
            "aws_acm_certificate.ecs-acm-cert",
            "data.aws_route53_zone.ecs-acm-cert"
          ]
        }
      ]
    },
    {
      "mode": "managed",
      "type": "aws_route53_record",
      "name": "ecs-acm-cert1",
      "provider": "provider[\"registry.terraform.io/hashicorp/aws\"]",
      "instances": [
        {
          "schema_version": 2,
          "attributes": {
            "alias": [
              {
                "evaluate_target_health": true,
                "name": "e-learning-alb-776435294.eu-west-2.elb.amazonaws.com",
                "zone_id": "ZHURV8PSTC4K8"
              }
            ],
            "allow_overwrite": null,
            "failover_routing_policy": [],
            "fqdn": "tripinky.com",
            "geolocation_routing_policy": [],
            "health_check_id": null,
            "id": "Z0740513302KSS50FRDMJ_tripinky.com_A",
            "latency_routing_policy": [],
            "multivalue_answer_routing_policy": null,
            "name": "tripinky.com",
            "records": null,
            "set_identifier": null,
            "ttl": null,
            "type": "A",
            "weighted_routing_policy": [],
            "zone_id": "Z0740513302KSS50FRDMJ"
          },
          "sensitive_attributes": [],
          "private": "eyJzY2hlbWFfdmVyc2lvbiI6IjIifQ==",
          "dependencies": [
            "aws_lb.e-learning-alb",
            "aws_security_group.e-learning-alb-sg",
            "aws_subnet.e-learning-pub-sub1",
            "aws_subnet.e-learning-pub-sub2",
            "aws_vpc.e-learning",
            "data.aws_route53_zone.ecs-acm-cert"
          ]
        }
      ]
    },
    {
      "mode": "managed",
      "type": "aws_route_table",
      "name": "e-learning-priv-rt",
      "provider": "provider[\"registry.terraform.io/hashicorp/aws\"]",
      "instances": [
        {
          "schema_version": 0,
          "attributes": {
            "arn": "arn:aws:ec2:eu-west-2:492367642859:route-table/rtb-0b239a5573916d3dd",
            "id": "rtb-0b239a5573916d3dd",
            "owner_id": "492367642859",
            "propagating_vgws": [],
            "route": [
              {
                "carrier_gateway_id": "",
                "cidr_block": "0.0.0.0/0",
                "core_network_arn": "",
                "destination_prefix_list_id": "",
                "egress_only_gateway_id": "",
                "gateway_id": "",
                "instance_id": "",
                "ipv6_cidr_block": "",
                "local_gateway_id": "",
                "nat_gateway_id": "nat-08524f09352b3ed94",
                "network_interface_id": "",
                "transit_gateway_id": "",
                "vpc_endpoint_id": "",
                "vpc_peering_connection_id": ""
              }
            ],
            "tags": {
              "Name": "e-learning-priv-rt-test"
            },
            "tags_all": {
              "Name": "e-learning-priv-rt-test"
            },
            "timeouts": null,
            "vpc_id": "vpc-03c7316a7500888f7"
          },
          "sensitive_attributes": [],
          "private": "eyJlMmJmYjczMC1lY2FhLTExZTYtOGY4OC0zNDM2M2JjN2M0YzAiOnsiY3JlYXRlIjozMDAwMDAwMDAwMDAsImRlbGV0ZSI6MzAwMDAwMDAwMDAwLCJ1cGRhdGUiOjEyMDAwMDAwMDAwMH19",
          "dependencies": [
            "aws_eip.e-learning-eip",
            "aws_internet_gateway.e-learning-igw",
            "aws_nat_gateway.e-learning-ngw",
            "aws_subnet.e-learning-pub-sub1",
            "aws_vpc.e-learning"
          ]
        }
      ]
    },
    {
      "mode": "managed",
      "type": "aws_route_table",
      "name": "e-learning-pub-rt",
      "provider": "provider[\"registry.terraform.io/hashicorp/aws\"]",
      "instances": [
        {
          "schema_version": 0,
          "attributes": {
            "arn": "arn:aws:ec2:eu-west-2:492367642859:route-table/rtb-0c5fe22456cebba32",
            "id": "rtb-0c5fe22456cebba32",
            "owner_id": "492367642859",
            "propagating_vgws": [],
            "route": [
              {
                "carrier_gateway_id": "",
                "cidr_block": "0.0.0.0/0",
                "core_network_arn": "",
                "destination_prefix_list_id": "",
                "egress_only_gateway_id": "",
                "gateway_id": "igw-001354d63531c898f",
                "instance_id": "",
                "ipv6_cidr_block": "",
                "local_gateway_id": "",
                "nat_gateway_id": "",
                "network_interface_id": "",
                "transit_gateway_id": "",
                "vpc_endpoint_id": "",
                "vpc_peering_connection_id": ""
              }
            ],
            "tags": {
              "Name": "e-learning-pub-rt-test"
            },
            "tags_all": {
              "Name": "e-learning-pub-rt-test"
            },
            "timeouts": null,
            "vpc_id": "vpc-03c7316a7500888f7"
          },
          "sensitive_attributes": [],
          "private": "eyJlMmJmYjczMC1lY2FhLTExZTYtOGY4OC0zNDM2M2JjN2M0YzAiOnsiY3JlYXRlIjozMDAwMDAwMDAwMDAsImRlbGV0ZSI6MzAwMDAwMDAwMDAwLCJ1cGRhdGUiOjEyMDAwMDAwMDAwMH19",
          "dependencies": [
            "aws_internet_gateway.e-learning-igw",
            "aws_vpc.e-learning"
          ]
        }
      ]
    },
    {
      "mode": "managed",
      "type": "aws_route_table_association",
      "name": "e-learning-priv1-asso",
      "provider": "provider[\"registry.terraform.io/hashicorp/aws\"]",
      "instances": [
        {
          "schema_version": 0,
          "attributes": {
            "gateway_id": "",
            "id": "rtbassoc-0912d3548964f8574",
            "route_table_id": "rtb-0b239a5573916d3dd",
            "subnet_id": "subnet-036921140625d4642"
          },
          "sensitive_attributes": [],
          "private": "bnVsbA==",
          "dependencies": [
            "aws_eip.e-learning-eip",
            "aws_internet_gateway.e-learning-igw",
            "aws_nat_gateway.e-learning-ngw",
            "aws_route_table.e-learning-priv-rt",
            "aws_subnet.e-learning-priv-sub1",
            "aws_subnet.e-learning-pub-sub1",
            "aws_vpc.e-learning"
          ]
        }
      ]
    },
    {
      "mode": "managed",
      "type": "aws_route_table_association",
      "name": "e-learning-priv2-asso",
      "provider": "provider[\"registry.terraform.io/hashicorp/aws\"]",
      "instances": [
        {
          "schema_version": 0,
          "attributes": {
            "gateway_id": "",
            "id": "rtbassoc-03f4705417026ae24",
            "route_table_id": "rtb-0b239a5573916d3dd",
            "subnet_id": "subnet-057c1802923fb6984"
          },
          "sensitive_attributes": [],
          "private": "bnVsbA==",
          "dependencies": [
            "aws_eip.e-learning-eip",
            "aws_internet_gateway.e-learning-igw",
            "aws_nat_gateway.e-learning-ngw",
            "aws_route_table.e-learning-priv-rt",
            "aws_subnet.e-learning-priv-sub2",
            "aws_subnet.e-learning-pub-sub1",
            "aws_vpc.e-learning"
          ]
        }
      ]
    },
    {
      "mode": "managed",
      "type": "aws_route_table_association",
      "name": "e-learning-pub1-asso",
      "provider": "provider[\"registry.terraform.io/hashicorp/aws\"]",
      "instances": [
        {
          "schema_version": 0,
          "attributes": {
            "gateway_id": "",
            "id": "rtbassoc-01758b855b8c9890e",
            "route_table_id": "rtb-0c5fe22456cebba32",
            "subnet_id": "subnet-0062bec16e9ea1242"
          },
          "sensitive_attributes": [],
          "private": "bnVsbA==",
          "dependencies": [
            "aws_internet_gateway.e-learning-igw",
            "aws_route_table.e-learning-pub-rt",
            "aws_subnet.e-learning-pub-sub1",
            "aws_vpc.e-learning"
          ]
        }
      ]
    },
    {
      "mode": "managed",
      "type": "aws_route_table_association",
      "name": "e-learning-pub2-asso",
      "provider": "provider[\"registry.terraform.io/hashicorp/aws\"]",
      "instances": [
        {
          "schema_version": 0,
          "attributes": {
            "gateway_id": "",
            "id": "rtbassoc-019e661e7e3828cb4",
            "route_table_id": "rtb-0c5fe22456cebba32",
            "subnet_id": "subnet-05b87f160e3ce2551"
          },
          "sensitive_attributes": [],
          "private": "bnVsbA==",
          "dependencies": [
            "aws_internet_gateway.e-learning-igw",
            "aws_route_table.e-learning-pub-rt",
            "aws_subnet.e-learning-pub-sub2",
            "aws_vpc.e-learning"
          ]
        }
      ]
    },
    {
      "mode": "managed",
      "type": "aws_security_group",
      "name": "e-learning-alb-sg",
      "provider": "provider[\"registry.terraform.io/hashicorp/aws\"]",
      "instances": [
        {
          "schema_version": 1,
          "attributes": {
            "arn": "arn:aws:ec2:eu-west-2:492367642859:security-group/sg-0b8a2e22ffa3e86c7",
            "description": "Allow HTTP inbound traffic",
            "egress": [
              {
                "cidr_blocks": [
                  "0.0.0.0/0"
                ],
                "description": "",
                "from_port": 0,
                "ipv6_cidr_blocks": [],
                "prefix_list_ids": [],
                "protocol": "-1",
                "security_groups": [],
                "self": false,
                "to_port": 0
              }
            ],
            "id": "sg-0b8a2e22ffa3e86c7",
            "ingress": [
              {
                "cidr_blocks": [
                  "0.0.0.0/0"
                ],
                "description": "http from anywhere",
                "from_port": 80,
                "ipv6_cidr_blocks": [],
                "prefix_list_ids": [],
                "protocol": "tcp",
                "security_groups": [],
                "self": false,
                "to_port": 80
              },
              {
                "cidr_blocks": [
                  "0.0.0.0/0"
                ],
                "description": "https from anywhere",
                "from_port": 443,
                "ipv6_cidr_blocks": [],
                "prefix_list_ids": [],
                "protocol": "tcp",
                "security_groups": [],
                "self": false,
                "to_port": 443
              }
            ],
            "name": "allow_tls_http",
            "name_prefix": "",
            "owner_id": "492367642859",
            "revoke_rules_on_delete": false,
            "tags": {
              "Name": "allow_tls_http-test"
            },
            "tags_all": {
              "Name": "allow_tls_http-test"
            },
            "timeouts": null,
            "vpc_id": "vpc-03c7316a7500888f7"
          },
          "sensitive_attributes": [],
          "private": "eyJlMmJmYjczMC1lY2FhLTExZTYtOGY4OC0zNDM2M2JjN2M0YzAiOnsiY3JlYXRlIjo2MDAwMDAwMDAwMDAsImRlbGV0ZSI6OTAwMDAwMDAwMDAwfSwic2NoZW1hX3ZlcnNpb24iOiIxIn0=",
          "dependencies": [
            "aws_vpc.e-learning"
          ]
        }
      ]
    },
    {
      "mode": "managed",
      "type": "aws_security_group",
      "name": "e-learning-ecs-sg",
      "provider": "provider[\"registry.terraform.io/hashicorp/aws\"]",
      "instances": [
        {
          "schema_version": 1,
          "attributes": {
            "arn": "arn:aws:ec2:eu-west-2:492367642859:security-group/sg-0d075d24557943eee",
            "description": "Allow TCP inbound traffic",
            "egress": [
              {
                "cidr_blocks": [
                  "0.0.0.0/0"
                ],
                "description": "",
                "from_port": 0,
                "ipv6_cidr_blocks": [],
                "prefix_list_ids": [],
                "protocol": "-1",
                "security_groups": [],
                "self": false,
                "to_port": 0
              }
            ],
            "id": "sg-0d075d24557943eee",
            "ingress": [
              {
                "cidr_blocks": [],
                "description": "TCP from alb",
                "from_port": 80,
                "ipv6_cidr_blocks": [],
                "prefix_list_ids": [],
                "protocol": "tcp",
                "security_groups": [
                  "sg-0b8a2e22ffa3e86c7"
                ],
                "self": false,
                "to_port": 80
              }
            ],
            "name": "e-learning-ecs-sg",
            "name_prefix": "",
            "owner_id": "492367642859",
            "revoke_rules_on_delete": false,
            "tags": {
              "Name": "e-learning-ecs-sg-test"
            },
            "tags_all": {
              "Name": "e-learning-ecs-sg-test"
            },
            "timeouts": null,
            "vpc_id": "vpc-03c7316a7500888f7"
          },
          "sensitive_attributes": [],
          "private": "eyJlMmJmYjczMC1lY2FhLTExZTYtOGY4OC0zNDM2M2JjN2M0YzAiOnsiY3JlYXRlIjo2MDAwMDAwMDAwMDAsImRlbGV0ZSI6OTAwMDAwMDAwMDAwfSwic2NoZW1hX3ZlcnNpb24iOiIxIn0=",
          "dependencies": [
            "aws_security_group.e-learning-alb-sg",
            "aws_vpc.e-learning"
          ]
        }
      ]
    },
    {
      "mode": "managed",
      "type": "aws_security_group",
      "name": "postgresql-rds-sg",
      "provider": "provider[\"registry.terraform.io/hashicorp/aws\"]",
      "instances": [
        {
          "schema_version": 1,
          "attributes": {
            "arn": "arn:aws:ec2:eu-west-2:492367642859:security-group/sg-06ed99cb2bd2735e5",
            "description": "Allows traffic only on port 5432 with ecs cluster",
            "egress": [
              {
                "cidr_blocks": [
                  "0.0.0.0/0"
                ],
                "description": "",
                "from_port": 0,
                "ipv6_cidr_blocks": [],
                "prefix_list_ids": [],
                "protocol": "-1",
                "security_groups": [],
                "self": false,
                "to_port": 0
              }
            ],
            "id": "sg-06ed99cb2bd2735e5",
            "ingress": [
              {
                "cidr_blocks": [],
                "description": "ecs security group to db",
                "from_port": 5432,
                "ipv6_cidr_blocks": [],
                "prefix_list_ids": [],
                "protocol": "tcp",
                "security_groups": [
                  "sg-0d075d24557943eee"
                ],
                "self": false,
                "to_port": 5432
              }
            ],
            "name": "postgresql-rds-sg",
            "name_prefix": "",
            "owner_id": "492367642859",
            "revoke_rules_on_delete": false,
            "tags": {
              "Name": "db-instance-sec-group-test"
            },
            "tags_all": {
              "Name": "db-instance-sec-group-test"
            },
            "timeouts": null,
            "vpc_id": "vpc-03c7316a7500888f7"
          },
          "sensitive_attributes": [],
          "private": "eyJlMmJmYjczMC1lY2FhLTExZTYtOGY4OC0zNDM2M2JjN2M0YzAiOnsiY3JlYXRlIjo2MDAwMDAwMDAwMDAsImRlbGV0ZSI6OTAwMDAwMDAwMDAwfSwic2NoZW1hX3ZlcnNpb24iOiIxIn0=",
          "dependencies": [
            "aws_security_group.e-learning-alb-sg",
            "aws_security_group.e-learning-ecs-sg",
            "aws_vpc.e-learning"
          ]
        }
      ]
    },
    {
      "mode": "managed",
      "type": "aws_subnet",
      "name": "e-learning-priv-sub1",
      "provider": "provider[\"registry.terraform.io/hashicorp/aws\"]",
      "instances": [
        {
          "schema_version": 1,
          "attributes": {
            "arn": "arn:aws:ec2:eu-west-2:492367642859:subnet/subnet-036921140625d4642",
            "assign_ipv6_address_on_creation": false,
            "availability_zone": "eu-west-2a",
            "availability_zone_id": "euw2-az2",
            "cidr_block": "10.0.20.0/24",
            "customer_owned_ipv4_pool": "",
            "enable_dns64": false,
            "enable_resource_name_dns_a_record_on_launch": false,
            "enable_resource_name_dns_aaaa_record_on_launch": false,
            "id": "subnet-036921140625d4642",
            "ipv6_cidr_block": "",
            "ipv6_cidr_block_association_id": "",
            "ipv6_native": false,
            "map_customer_owned_ip_on_launch": false,
            "map_public_ip_on_launch": false,
            "outpost_arn": "",
            "owner_id": "492367642859",
            "private_dns_hostname_type_on_launch": "ip-name",
            "tags": {
              "Name": "e-learning-priv-sub1-test"
            },
            "tags_all": {
              "Name": "e-learning-priv-sub1-test"
            },
            "timeouts": null,
            "vpc_id": "vpc-03c7316a7500888f7"
          },
          "sensitive_attributes": [],
          "private": "eyJlMmJmYjczMC1lY2FhLTExZTYtOGY4OC0zNDM2M2JjN2M0YzAiOnsiY3JlYXRlIjo2MDAwMDAwMDAwMDAsImRlbGV0ZSI6MTIwMDAwMDAwMDAwMH0sInNjaGVtYV92ZXJzaW9uIjoiMSJ9",
          "dependencies": [
            "aws_vpc.e-learning"
          ]
        }
      ]
    },
    {
      "mode": "managed",
      "type": "aws_subnet",
      "name": "e-learning-priv-sub2",
      "provider": "provider[\"registry.terraform.io/hashicorp/aws\"]",
      "instances": [
        {
          "schema_version": 1,
          "attributes": {
            "arn": "arn:aws:ec2:eu-west-2:492367642859:subnet/subnet-057c1802923fb6984",
            "assign_ipv6_address_on_creation": false,
            "availability_zone": "eu-west-2b",
            "availability_zone_id": "euw2-az3",
            "cidr_block": "10.0.19.0/24",
            "customer_owned_ipv4_pool": "",
            "enable_dns64": false,
            "enable_resource_name_dns_a_record_on_launch": false,
            "enable_resource_name_dns_aaaa_record_on_launch": false,
            "id": "subnet-057c1802923fb6984",
            "ipv6_cidr_block": "",
            "ipv6_cidr_block_association_id": "",
            "ipv6_native": false,
            "map_customer_owned_ip_on_launch": false,
            "map_public_ip_on_launch": false,
            "outpost_arn": "",
            "owner_id": "492367642859",
            "private_dns_hostname_type_on_launch": "ip-name",
            "tags": {
              "Name": "e-learning-priv-sub2-test"
            },
            "tags_all": {
              "Name": "e-learning-priv-sub2-test"
            },
            "timeouts": null,
            "vpc_id": "vpc-03c7316a7500888f7"
          },
          "sensitive_attributes": [],
          "private": "eyJlMmJmYjczMC1lY2FhLTExZTYtOGY4OC0zNDM2M2JjN2M0YzAiOnsiY3JlYXRlIjo2MDAwMDAwMDAwMDAsImRlbGV0ZSI6MTIwMDAwMDAwMDAwMH0sInNjaGVtYV92ZXJzaW9uIjoiMSJ9",
          "dependencies": [
            "aws_vpc.e-learning"
          ]
        }
      ]
    },
    {
      "mode": "managed",
      "type": "aws_subnet",
      "name": "e-learning-pub-sub1",
      "provider": "provider[\"registry.terraform.io/hashicorp/aws\"]",
      "instances": [
        {
          "schema_version": 1,
          "attributes": {
            "arn": "arn:aws:ec2:eu-west-2:492367642859:subnet/subnet-0062bec16e9ea1242",
            "assign_ipv6_address_on_creation": false,
            "availability_zone": "eu-west-2a",
            "availability_zone_id": "euw2-az2",
            "cidr_block": "10.0.18.0/24",
            "customer_owned_ipv4_pool": "",
            "enable_dns64": false,
            "enable_resource_name_dns_a_record_on_launch": false,
            "enable_resource_name_dns_aaaa_record_on_launch": false,
            "id": "subnet-0062bec16e9ea1242",
            "ipv6_cidr_block": "",
            "ipv6_cidr_block_association_id": "",
            "ipv6_native": false,
            "map_customer_owned_ip_on_launch": false,
            "map_public_ip_on_launch": false,
            "outpost_arn": "",
            "owner_id": "492367642859",
            "private_dns_hostname_type_on_launch": "ip-name",
            "tags": {
              "Name": "e-learning-pub-sub1-test"
            },
            "tags_all": {
              "Name": "e-learning-pub-sub1-test"
            },
            "timeouts": null,
            "vpc_id": "vpc-03c7316a7500888f7"
          },
          "sensitive_attributes": [],
          "private": "eyJlMmJmYjczMC1lY2FhLTExZTYtOGY4OC0zNDM2M2JjN2M0YzAiOnsiY3JlYXRlIjo2MDAwMDAwMDAwMDAsImRlbGV0ZSI6MTIwMDAwMDAwMDAwMH0sInNjaGVtYV92ZXJzaW9uIjoiMSJ9",
          "dependencies": [
            "aws_vpc.e-learning"
          ]
        }
      ]
    },
    {
      "mode": "managed",
      "type": "aws_subnet",
      "name": "e-learning-pub-sub2",
      "provider": "provider[\"registry.terraform.io/hashicorp/aws\"]",
      "instances": [
        {
          "schema_version": 1,
          "attributes": {
            "arn": "arn:aws:ec2:eu-west-2:492367642859:subnet/subnet-05b87f160e3ce2551",
            "assign_ipv6_address_on_creation": false,
            "availability_zone": "eu-west-2b",
            "availability_zone_id": "euw2-az3",
            "cidr_block": "10.0.21.0/24",
            "customer_owned_ipv4_pool": "",
            "enable_dns64": false,
            "enable_resource_name_dns_a_record_on_launch": false,
            "enable_resource_name_dns_aaaa_record_on_launch": false,
            "id": "subnet-05b87f160e3ce2551",
            "ipv6_cidr_block": "",
            "ipv6_cidr_block_association_id": "",
            "ipv6_native": false,
            "map_customer_owned_ip_on_launch": false,
            "map_public_ip_on_launch": false,
            "outpost_arn": "",
            "owner_id": "492367642859",
            "private_dns_hostname_type_on_launch": "ip-name",
            "tags": {
              "Name": "e-learning-pub-sub2-test"
            },
            "tags_all": {
              "Name": "e-learning-pub-sub2-test"
            },
            "timeouts": null,
            "vpc_id": "vpc-03c7316a7500888f7"
          },
          "sensitive_attributes": [],
          "private": "eyJlMmJmYjczMC1lY2FhLTExZTYtOGY4OC0zNDM2M2JjN2M0YzAiOnsiY3JlYXRlIjo2MDAwMDAwMDAwMDAsImRlbGV0ZSI6MTIwMDAwMDAwMDAwMH0sInNjaGVtYV92ZXJzaW9uIjoiMSJ9",
          "dependencies": [
            "aws_vpc.e-learning"
          ]
        }
      ]
    },
    {
      "mode": "managed",
      "type": "aws_vpc",
      "name": "e-learning",
      "provider": "provider[\"registry.terraform.io/hashicorp/aws\"]",
      "instances": [
        {
          "schema_version": 1,
          "attributes": {
            "arn": "arn:aws:ec2:eu-west-2:492367642859:vpc/vpc-03c7316a7500888f7",
            "assign_generated_ipv6_cidr_block": false,
            "cidr_block": "10.0.0.0/16",
            "default_network_acl_id": "acl-09ca4217204917a3c",
            "default_route_table_id": "rtb-055cd3218cb59e622",
            "default_security_group_id": "sg-045da90a4284f0319",
            "dhcp_options_id": "dopt-07de7887fa266f1ce",
            "enable_classiclink": false,
            "enable_classiclink_dns_support": false,
            "enable_dns_hostnames": true,
            "enable_dns_support": true,
            "enable_network_address_usage_metrics": false,
            "id": "vpc-03c7316a7500888f7",
            "instance_tenancy": "default",
            "ipv4_ipam_pool_id": null,
            "ipv4_netmask_length": null,
            "ipv6_association_id": "",
            "ipv6_cidr_block": "",
            "ipv6_cidr_block_network_border_group": "",
            "ipv6_ipam_pool_id": "",
            "ipv6_netmask_length": 0,
            "main_route_table_id": "rtb-055cd3218cb59e622",
            "owner_id": "492367642859",
            "tags": {
              "Name": "e-learning-test"
            },
            "tags_all": {
              "Name": "e-learning-test"
            }
          },
          "sensitive_attributes": [],
          "private": "eyJzY2hlbWFfdmVyc2lvbiI6IjEifQ=="
        }
      ]
    }
  ]
}
